
Microsoft Visual Studio Solution File, Format Version 12.00
# Visual Studio Version 17
VisualStudioVersion = 17.11.35312.102
MinimumVisualStudioVersion = 10.0.40219.1
Project("{FAE04EC0-301F-11D3-BF4B-00C04F79EFBC}") = "MoneyMap", "MoneyMap\MoneyMap.csproj", "{CDCD7B41-EF65-42A7-B136-9FB417C2FCBB}"
EndProject
Global
	GlobalSection(SolutionConfigurationPlatforms) = preSolution
		Debug|Any CPU = Debug|Any CPU
		Release|Any CPU = Release|Any CPU
	EndGlobalSection
	GlobalSection(ProjectConfigurationPlatforms) = postSolution
		{CDCD7B41-EF65-42A7-B136-9FB417C2FCBB}.Debug|Any CPU.ActiveCfg = Debug|Any CPU
		{CDCD7B41-EF65-42A7-B136-9FB417C2FCBB}.Debug|Any CPU.Build.0 = Debug|Any CPU
		{CDCD7B41-EF65-42A7-B136-9FB417C2FCBB}.Debug|Any CPU.Deploy.0 = Debug|Any CPU
		{CDCD7B41-EF65-42A7-B136-9FB417C2FCBB}.Release|Any CPU.ActiveCfg = Release|Any CPU
		{CDCD7B41-EF65-42A7-B136-9FB417C2FCBB}.Release|Any CPU.Build.0 = Release|Any CPU
		{CDCD7B41-EF65-42A7-B136-9FB417C2FCBB}.Release|Any CPU.Deploy.0 = Release|Any CPU
	EndGlobalSection
	GlobalSection(SolutionProperties) = preSolution
		HideSolutionNode = FALSE
	EndGlobalSection
	GlobalSection(ExtensibilityGlobals) = postSolution
		SolutionGuid = {1A9D3B3D-3C2C-458F-A747-F474BF13A8AC}
	EndGlobalSection
EndGlobal
